{
  "lockfile_version": "1",
  "packages": {
    "ruby_3_3@latest": {
      "last_modified": "2024-07-07T16:08:25Z",
      "plugin_version": "0.0.2",
      "resolved": "github:NixOS/nixpkgs/ab82a9612aa45284d4adf69ee81871a389669a9e#ruby_3_3",
      "source": "devbox-search",
      "version": "3.3.2",
      "systems": {
        "aarch64-darwin": {
          "outputs": [
            {
              "name": "out",
              "path": "/nix/store/qfaw55crdlvajfkpmybjfq4cfmbmm86r-ruby-3.3.2",
              "default": true
            },
            {
              "name": "devdoc",
              "path": "/nix/store/vsda7rk49jvwcpjzlxdw13yibvdgjhqd-ruby-3.3.2-devdoc"
            }
          ],
          "store_path": "/nix/store/qfaw55crdlvajfkpmybjfq4cfmbmm86r-ruby-3.3.2"
        },
        "aarch64-linux": {
          "outputs": [
            {
              "name": "out",
              "path": "/nix/store/q4jhbigza58sb5bbsygirw3g8ffx567g-ruby-3.3.2",
              "default": true
            },
            {
              "name": "devdoc",
              "path": "/nix/store/532fwakiad4xajmmgrjqmvyn1r90n1a0-ruby-3.3.2-devdoc"
            }
          ],
          "store_path": "/nix/store/q4jhbigza58sb5bbsygirw3g8ffx567g-ruby-3.3.2"
        },
        "x86_64-darwin": {
          "outputs": [
            {
              "name": "out",
              "path": "/nix/store/5vhq60d1wylzfj47m9lx788zgx95dl8h-ruby-3.3.2",
              "default": true
            },
            {
              "name": "devdoc",
              "path": "/nix/store/czvcsmhn6nf9j7mwlj2g94cqk3sldayv-ruby-3.3.2-devdoc"
            }
          ],
          "store_path": "/nix/store/5vhq60d1wylzfj47m9lx788zgx95dl8h-ruby-3.3.2"
        },
        "x86_64-linux": {
          "outputs": [
            {
              "name": "out",
              "path": "/nix/store/mlmfwq1bxcbnww5szh5c1kmlzq13pqbr-ruby-3.3.2",
              "default": true
            },
            {
              "name": "devdoc",
              "path": "/nix/store/6bnh1i13ggkwly1kahmv7mfmi0gywx64-ruby-3.3.2-devdoc"
            }
          ],
          "store_path": "/nix/store/mlmfwq1bxcbnww5szh5c1kmlzq13pqbr-ruby-3.3.2"
        }
      }
    }
  }
}
